
Microsoft Visual Studio Solution File, Format Version 12.00
# Visual Studio 15
VisualStudioVersion = 15.0.28307.168
MinimumVisualStudioVersion = 10.0.40219.1
Project("{8BC9CEB8-8B4A-11D0-8D11-00A0C91BC942}") = "parp5", "parp5\parp5.vcxproj", "{EE4BFA02-5B9C-4531-8891-CFB4623A00DB}"
EndProject
Global
	GlobalSection(SolutionConfigurationPlatforms) = preSolution
		Debug|x64 = Debug|x64
		Debug|x86 = Debug|x86
		Release|x64 = Release|x64
		Release|x86 = Release|x86
	EndGlobalSection
	GlobalSection(ProjectConfigurationPlatforms) = postSolution
		{EE4BFA02-5B9C-4531-8891-CFB4623A00DB}.Debug|x64.ActiveCfg = Debug|x64
		{EE4BFA02-5B9C-4531-8891-CFB4623A00DB}.Debug|x64.Build.0 = Debug|x64
		{EE4BFA02-5B9C-4531-8891-CFB4623A00DB}.Debug|x86.ActiveCfg = Debug|Win32
		{EE4BFA02-5B9C-4531-8891-CFB4623A00DB}.Debug|x86.Build.0 = Debug|Win32
		{EE4BFA02-5B9C-4531-8891-CFB4623A00DB}.Release|x64.ActiveCfg = Release|x64
		{EE4BFA02-5B9C-4531-8891-CFB4623A00DB}.Release|x64.Build.0 = Release|x64
		{EE4BFA02-5B9C-4531-8891-CFB4623A00DB}.Release|x86.ActiveCfg = Release|Win32
		{EE4BFA02-5B9C-4531-8891-CFB4623A00DB}.Release|x86.Build.0 = Release|Win32
	EndGlobalSection
	GlobalSection(SolutionProperties) = preSolution
		HideSolutionNode = FALSE
	EndGlobalSection
	GlobalSection(ExtensibilityGlobals) = postSolution
		SolutionGuid = {D24AE1AD-DEBF-4269-AE8C-6886D296F3BF}
	EndGlobalSection
EndGlobal
